
Microsoft Visual Studio Solution File, Format Version 12.00
# Visual Studio Version 16
VisualStudioVersion = 16.0.30611.23
MinimumVisualStudioVersion = 10.0.40219.1
Project("{8BC9CEB8-8B4A-11D0-8D11-00A0C91BC942}") = "projekt", "projekt\projekt.vcxproj", "{0CFE0BF9-E522-49BA-A62D-90949333F93F}"
EndProject
Global
	GlobalSection(SolutionConfigurationPlatforms) = preSolution
		Debug|x64 = Debug|x64
		Debug|x86 = Debug|x86
		Release|x64 = Release|x64
		Release|x86 = Release|x86
	EndGlobalSection
	GlobalSection(ProjectConfigurationPlatforms) = postSolution
		{0CFE0BF9-E522-49BA-A62D-90949333F93F}.Debug|x64.ActiveCfg = Debug|x64
		{0CFE0BF9-E522-49BA-A62D-90949333F93F}.Debug|x64.Build.0 = Debug|x64
		{0CFE0BF9-E522-49BA-A62D-90949333F93F}.Debug|x86.ActiveCfg = Debug|Win32
		{0CFE0BF9-E522-49BA-A62D-90949333F93F}.Debug|x86.Build.0 = Debug|Win32
		{0CFE0BF9-E522-49BA-A62D-90949333F93F}.Release|x64.ActiveCfg = Release|x64
		{0CFE0BF9-E522-49BA-A62D-90949333F93F}.Release|x64.Build.0 = Release|x64
		{0CFE0BF9-E522-49BA-A62D-90949333F93F}.Release|x86.ActiveCfg = Release|Win32
		{0CFE0BF9-E522-49BA-A62D-90949333F93F}.Release|x86.Build.0 = Release|Win32
	EndGlobalSection
	GlobalSection(SolutionProperties) = preSolution
		HideSolutionNode = FALSE
	EndGlobalSection
	GlobalSection(ExtensibilityGlobals) = postSolution
		SolutionGuid = {F79B149E-30EB-4039-901A-E145938EF1EC}
	EndGlobalSection
EndGlobal
